
Microsoft Visual Studio Solution File, Format Version 12.00
# Visual Studio Version 17
VisualStudioVersion = 17.0.31903.59
MinimumVisualStudioVersion = 10.0.40219.1
Project("{FAE04EC0-301F-11D3-BF4B-00C04F79EFBC}") = "SmoothOperator", "SmoothOperator\SmoothOperator.csproj", "{01D6A14B-AC0A-4FF5-935B-EBDCB64C4A44}"
EndProject
Project("{FAE04EC0-301F-11D3-BF4B-00C04F79EFBC}") = "VariousOperators", "VariousOperators\VariousOperators.csproj", "{62FA6240-55B2-4016-9FA5-11C8E7F2989F}"
EndProject
Project("{FAE04EC0-301F-11D3-BF4B-00C04F79EFBC}") = "Cilindro", "Cilindro\Cilindro.csproj", "{BEB881BE-110C-43AF-B114-271806A54236}"
EndProject
Project("{FAE04EC0-301F-11D3-BF4B-00C04F79EFBC}") = "ValoresEspeciais", "ValoresEspeciais\ValoresEspeciais.csproj", "{A5059602-72BD-4741-8513-5A082CF85AE6}"
EndProject
Project("{FAE04EC0-301F-11D3-BF4B-00C04F79EFBC}") = "ChatGPTZero", "ChatGPTZero\ChatGPTZero.csproj", "{2E540D9F-E7B0-49E4-9E3C-C9840AC4D1FC}"
EndProject
Project("{FAE04EC0-301F-11D3-BF4B-00C04F79EFBC}") = "IfExample", "IfExample\IfExample.csproj", "{94524294-9140-49C9-8C59-103B18C290F8}"
EndProject
Project("{FAE04EC0-301F-11D3-BF4B-00C04F79EFBC}") = "BreakContinue", "BreakContinue\BreakContinue.csproj", "{3D4A21FD-F71C-4A73-BB66-5453C6D0D190}"
EndProject
Project("{FAE04EC0-301F-11D3-BF4B-00C04F79EFBC}") = "ChatGPTOne", "ChatGPTOne\ChatGPTOne.csproj", "{4A397017-C3C2-4C09-BF28-B2D3F7265CC8}"
EndProject
Project("{FAE04EC0-301F-11D3-BF4B-00C04F79EFBC}") = "PerfectCountdown", "PerfectCountdown\PerfectCountdown.csproj", "{B48AB90D-47AD-40CA-BC1B-C54C70A18FFA}"
EndProject
Global
	GlobalSection(SolutionConfigurationPlatforms) = preSolution
		Debug|Any CPU = Debug|Any CPU
		Release|Any CPU = Release|Any CPU
	EndGlobalSection
	GlobalSection(SolutionProperties) = preSolution
		HideSolutionNode = FALSE
	EndGlobalSection
	GlobalSection(ProjectConfigurationPlatforms) = postSolution
		{01D6A14B-AC0A-4FF5-935B-EBDCB64C4A44}.Debug|Any CPU.ActiveCfg = Debug|Any CPU
		{01D6A14B-AC0A-4FF5-935B-EBDCB64C4A44}.Debug|Any CPU.Build.0 = Debug|Any CPU
		{01D6A14B-AC0A-4FF5-935B-EBDCB64C4A44}.Release|Any CPU.ActiveCfg = Release|Any CPU
		{01D6A14B-AC0A-4FF5-935B-EBDCB64C4A44}.Release|Any CPU.Build.0 = Release|Any CPU
		{62FA6240-55B2-4016-9FA5-11C8E7F2989F}.Debug|Any CPU.ActiveCfg = Debug|Any CPU
		{62FA6240-55B2-4016-9FA5-11C8E7F2989F}.Debug|Any CPU.Build.0 = Debug|Any CPU
		{62FA6240-55B2-4016-9FA5-11C8E7F2989F}.Release|Any CPU.ActiveCfg = Release|Any CPU
		{62FA6240-55B2-4016-9FA5-11C8E7F2989F}.Release|Any CPU.Build.0 = Release|Any CPU
		{BEB881BE-110C-43AF-B114-271806A54236}.Debug|Any CPU.ActiveCfg = Debug|Any CPU
		{BEB881BE-110C-43AF-B114-271806A54236}.Debug|Any CPU.Build.0 = Debug|Any CPU
		{BEB881BE-110C-43AF-B114-271806A54236}.Release|Any CPU.ActiveCfg = Release|Any CPU
		{BEB881BE-110C-43AF-B114-271806A54236}.Release|Any CPU.Build.0 = Release|Any CPU
		{A5059602-72BD-4741-8513-5A082CF85AE6}.Debug|Any CPU.ActiveCfg = Debug|Any CPU
		{A5059602-72BD-4741-8513-5A082CF85AE6}.Debug|Any CPU.Build.0 = Debug|Any CPU
		{A5059602-72BD-4741-8513-5A082CF85AE6}.Release|Any CPU.ActiveCfg = Release|Any CPU
		{A5059602-72BD-4741-8513-5A082CF85AE6}.Release|Any CPU.Build.0 = Release|Any CPU
		{2E540D9F-E7B0-49E4-9E3C-C9840AC4D1FC}.Debug|Any CPU.ActiveCfg = Debug|Any CPU
		{2E540D9F-E7B0-49E4-9E3C-C9840AC4D1FC}.Debug|Any CPU.Build.0 = Debug|Any CPU
		{2E540D9F-E7B0-49E4-9E3C-C9840AC4D1FC}.Release|Any CPU.ActiveCfg = Release|Any CPU
		{2E540D9F-E7B0-49E4-9E3C-C9840AC4D1FC}.Release|Any CPU.Build.0 = Release|Any CPU
		{94524294-9140-49C9-8C59-103B18C290F8}.Debug|Any CPU.ActiveCfg = Debug|Any CPU
		{94524294-9140-49C9-8C59-103B18C290F8}.Debug|Any CPU.Build.0 = Debug|Any CPU
		{94524294-9140-49C9-8C59-103B18C290F8}.Release|Any CPU.ActiveCfg = Release|Any CPU
		{94524294-9140-49C9-8C59-103B18C290F8}.Release|Any CPU.Build.0 = Release|Any CPU
		{3D4A21FD-F71C-4A73-BB66-5453C6D0D190}.Debug|Any CPU.ActiveCfg = Debug|Any CPU
		{3D4A21FD-F71C-4A73-BB66-5453C6D0D190}.Debug|Any CPU.Build.0 = Debug|Any CPU
		{3D4A21FD-F71C-4A73-BB66-5453C6D0D190}.Release|Any CPU.ActiveCfg = Release|Any CPU
		{3D4A21FD-F71C-4A73-BB66-5453C6D0D190}.Release|Any CPU.Build.0 = Release|Any CPU
		{4A397017-C3C2-4C09-BF28-B2D3F7265CC8}.Debug|Any CPU.ActiveCfg = Debug|Any CPU
		{4A397017-C3C2-4C09-BF28-B2D3F7265CC8}.Debug|Any CPU.Build.0 = Debug|Any CPU
		{4A397017-C3C2-4C09-BF28-B2D3F7265CC8}.Release|Any CPU.ActiveCfg = Release|Any CPU
		{4A397017-C3C2-4C09-BF28-B2D3F7265CC8}.Release|Any CPU.Build.0 = Release|Any CPU
		{B48AB90D-47AD-40CA-BC1B-C54C70A18FFA}.Debug|Any CPU.ActiveCfg = Debug|Any CPU
		{B48AB90D-47AD-40CA-BC1B-C54C70A18FFA}.Debug|Any CPU.Build.0 = Debug|Any CPU
		{B48AB90D-47AD-40CA-BC1B-C54C70A18FFA}.Release|Any CPU.ActiveCfg = Release|Any CPU
		{B48AB90D-47AD-40CA-BC1B-C54C70A18FFA}.Release|Any CPU.Build.0 = Release|Any CPU
	EndGlobalSection
EndGlobal
